{
  "requires": true,
  "lockfileVersion": 1,
  "dependencies": {
    "@babel/runtime": {
      "version": "7.16.3",
      "resolved": "https://registry.npmjs.org/@babel/runtime/-/runtime-7.16.3.tgz",
      "integrity": "sha512-WBwekcqacdY2e9AF/Q7WLFUWmdJGJTkbjqTjoMDgXkVZ3ZRUvOPsLb5KdwISoQVsbP+DQzVZW4Zhci0DvpbNTQ==",
      "requires": {
        "regenerator-runtime": "^0.13.4"
      }
    },
    "@chakra-ui/icon": {
      "version": "1.2.1",
      "resolved": "https://registry.npmjs.org/@chakra-ui/icon/-/icon-1.2.1.tgz",
      "integrity": "sha512-uZxFsiY4Tld+LvGIX7cky0H6oMRac8udPMQRzIk/UQeNZcsWisGetatbQsew3y1lWV/iH/8+TlDuW13GWGyGGQ==",
      "requires": {
        "@chakra-ui/utils": "1.9.1"
      }
    },
    "@chakra-ui/icons": {
      "version": "1.1.1",
      "resolved": "https://registry.npmjs.org/@chakra-ui/icons/-/icons-1.1.1.tgz",
      "integrity": "sha512-/+u6euCOFw6J1DZW7NcVFtib4mygJBoqRdsKiU1Z3uiTC+zQTBzcCt54NQ+kK8rhuNzJ+odahnt/AbjBJgZ+5A==",
      "requires": {
        "@chakra-ui/icon": "1.2.1",
        "@types/react": "^17.0.15"
      }
    },
    "@chakra-ui/utils": {
      "version": "1.9.1",
      "resolved": "https://registry.npmjs.org/@chakra-ui/utils/-/utils-1.9.1.tgz",
      "integrity": "sha512-Tue8JfpzOqeHd8vSqAnX1l/Y3Gg456+BXFP/TH6mCIeqMAMbrvv25vDskds0wlXRjMYdmpqHxCEzkalFrscGHA==",
      "requires": {
        "@types/lodash.mergewith": "4.6.6",
        "css-box-model": "1.2.1",
        "framesync": "5.3.0",
        "lodash.mergewith": "4.6.2"
      }
    },
    "@react-spring/animated": {
      "version": "9.3.1",
      "resolved": "https://registry.npmjs.org/@react-spring/animated/-/animated-9.3.1.tgz",
      "integrity": "sha512-23YaERZ++BwZ8F8PxPFqrpOwp/JZun1Pj6aHZtPAU42j5LycBRasT9XMw7Eyr7zNFhT+rl3R3wFfd4WX6Ax+UA==",
      "requires": {
        "@react-spring/shared": "~9.3.0",
        "@react-spring/types": "~9.3.0"
      }
    },
    "@react-spring/core": {
      "version": "9.3.1",
      "resolved": "https://registry.npmjs.org/@react-spring/core/-/core-9.3.1.tgz",
      "integrity": "sha512-8rmfmEHLHGtF1CUiXRn64YJqsXNxv2cGX8oNnBnsuoE33c48Zc34t2VIMB4R9q5zwIUCvDBGfiEenA8ZAPxqOQ==",
      "requires": {
        "@react-spring/animated": "~9.3.0",
        "@react-spring/shared": "~9.3.0",
        "@react-spring/types": "~9.3.0"
      }
    },
    "@react-spring/konva": {
      "version": "9.3.1",
      "resolved": "https://registry.npmjs.org/@react-spring/konva/-/konva-9.3.1.tgz",
      "integrity": "sha512-woG2DeDcUlz5hB8g9pA/tyUWU6dMrAzyUsNiBWVCyI9UqKA7CUKjz+ODOUi+hS++3Kz7kZSr3u0zzHHfxvoTPQ==",
      "requires": {
        "@react-spring/animated": "~9.3.0",
        "@react-spring/core": "~9.3.0",
        "@react-spring/shared": "~9.3.0",
        "@react-spring/types": "~9.3.0"
      }
    },
    "@react-spring/native": {
      "version": "9.3.1",
      "resolved": "https://registry.npmjs.org/@react-spring/native/-/native-9.3.1.tgz",
      "integrity": "sha512-NAC1wHIUvy1umCVQRxcS+31Dmr9NszBY06sHy3jR8/HVuKNtaDUARVF3AYL/HfbIy4m6yR3tcIkM2NQ0SO+rZA==",
      "requires": {
        "@react-spring/animated": "~9.3.0",
        "@react-spring/core": "~9.3.0",
        "@react-spring/shared": "~9.3.0",
        "@react-spring/types": "~9.3.0"
      }
    },
    "@react-spring/rafz": {
      "version": "9.3.1",
      "resolved": "https://registry.npmjs.org/@react-spring/rafz/-/rafz-9.3.1.tgz",
      "integrity": "sha512-fEBMCarGVl+/2kdO+g6Zig4F+3ymwmcGN8S71gb1c7Cbbxb87kviPz8EhshfIHoiLeJPGlqwcuGbxNmZbBamvA=="
    },
    "@react-spring/shared": {
      "version": "9.3.1",
      "resolved": "https://registry.npmjs.org/@react-spring/shared/-/shared-9.3.1.tgz",
      "integrity": "sha512-jhPpxzURGo6Nty90ex1lkxmZae7w/VAbnGmb/nXcYoZwSoNR+W2aAd00iXsh2ZGz6MgoJOsc495JeG3uC7Am8A==",
      "requires": {
        "@react-spring/rafz": "~9.3.0",
        "@react-spring/types": "~9.3.0"
      }
    },
    "@react-spring/three": {
      "version": "9.3.1",
      "resolved": "https://registry.npmjs.org/@react-spring/three/-/three-9.3.1.tgz",
      "integrity": "sha512-40iRIX2DrY+a81hIliOog6TMg/ZAtHGeZr95r0vKAsl+iX1g9Hs8XCS4wTeQIUgydZpbpShk/JL6mkcstEfBdw==",
      "requires": {
        "@react-spring/animated": "~9.3.0",
        "@react-spring/core": "~9.3.0",
        "@react-spring/shared": "~9.3.0",
        "@react-spring/types": "~9.3.0"
      }
    },
    "@react-spring/types": {
      "version": "9.3.1",
      "resolved": "https://registry.npmjs.org/@react-spring/types/-/types-9.3.1.tgz",
      "integrity": "sha512-W/YMJMX35XgGGzX0gKORBTwnvQ+1loDOFN3XlZkW5fgpEY+7VkRUpPyqPWXQr3n6lHrsLmHIGdpznqZi54ACTQ=="
    },
    "@react-spring/web": {
      "version": "9.3.1",
      "resolved": "https://registry.npmjs.org/@react-spring/web/-/web-9.3.1.tgz",
      "integrity": "sha512-sisZIgFGva/Z+xKWPSfXpukF0AP3kR9ALTxlHL87fVotMUCJX5vtH/YlVcywToEFwTHKt3MpI5Wy2M+vgVEeaw==",
      "requires": {
        "@react-spring/animated": "~9.3.0",
        "@react-spring/core": "~9.3.0",
        "@react-spring/shared": "~9.3.0",
        "@react-spring/types": "~9.3.0"
      }
    },
    "@react-spring/zdog": {
      "version": "9.3.1",
      "resolved": "https://registry.npmjs.org/@react-spring/zdog/-/zdog-9.3.1.tgz",
      "integrity": "sha512-QflA/fII9zWe9CSOA8QGSLMjUwyrtD1TX6YVzUSn/nlr2f7PlZPijdpdu9Cvdirgss472cUS7cRIUfll0TepqA==",
      "requires": {
        "@react-spring/animated": "~9.3.0",
        "@react-spring/core": "~9.3.0",
        "@react-spring/shared": "~9.3.0",
        "@react-spring/types": "~9.3.0"
      }
    },
    "@types/lodash": {
      "version": "4.14.178",
      "resolved": "https://registry.npmjs.org/@types/lodash/-/lodash-4.14.178.tgz",
      "integrity": "sha512-0d5Wd09ItQWH1qFbEyQ7oTQ3GZrMfth5JkbN3EvTKLXcHLRDSXeLnlvlOn0wvxVIwK5o2M8JzP/OWz7T3NRsbw=="
    },
    "@types/lodash.mergewith": {
      "version": "4.6.6",
      "resolved": "https://registry.npmjs.org/@types/lodash.mergewith/-/lodash.mergewith-4.6.6.tgz",
      "integrity": "sha512-RY/8IaVENjG19rxTZu9Nukqh0W2UrYgmBj5sdns4hWRZaV8PqR7wIKHFKzvOTjo4zVRV7sVI+yFhAJql12Kfqg==",
      "requires": {
        "@types/lodash": "*"
      }
    },
    "@types/prop-types": {
      "version": "15.7.4",
      "resolved": "https://registry.npmjs.org/@types/prop-types/-/prop-types-15.7.4.tgz",
      "integrity": "sha512-rZ5drC/jWjrArrS8BR6SIr4cWpW09RNTYt9AMZo3Jwwif+iacXAqgVjm0B0Bv/S1jhDXKHqRVNCbACkJ89RAnQ=="
    },
    "@types/react": {
      "version": "17.0.37",
      "resolved": "https://registry.npmjs.org/@types/react/-/react-17.0.37.tgz",
      "integrity": "sha512-2FS1oTqBGcH/s0E+CjrCCR9+JMpsu9b69RTFO+40ua43ZqP5MmQ4iUde/dMjWR909KxZwmOQIFq6AV6NjEG5xg==",
      "requires": {
        "@types/prop-types": "*",
        "@types/scheduler": "*",
        "csstype": "^3.0.2"
      }
    },
    "@types/scheduler": {
      "version": "0.16.2",
      "resolved": "https://registry.npmjs.org/@types/scheduler/-/scheduler-0.16.2.tgz",
      "integrity": "sha512-hppQEBDmlwhFAXKJX2KnWLYu5yMfi91yazPb2l+lbJiwW+wdo1gNeRA+3RgNSO39WYX2euey41KEwnqesU2Jew=="
    },
    "axios": {
      "version": "0.24.0",
      "resolved": "https://registry.npmjs.org/axios/-/axios-0.24.0.tgz",
      "integrity": "sha512-Q6cWsys88HoPgAaFAVUb0WpPk0O8iTeisR9IMqy9G8AbO4NlpVknrnQS03zzF9PGAWgO3cgletO3VjV/P7VztA==",
      "requires": {
        "follow-redirects": "^1.14.4"
      }
    },
    "css-box-model": {
      "version": "1.2.1",
      "resolved": "https://registry.npmjs.org/css-box-model/-/css-box-model-1.2.1.tgz",
      "integrity": "sha512-a7Vr4Q/kd/aw96bnJG332W9V9LkJO69JRcaCYDUqjp6/z0w6VcZjgAcTbgFxEPfBgdnAwlh3iwu+hLopa+flJw==",
      "requires": {
        "tiny-invariant": "^1.0.6"
      }
    },
    "csstype": {
      "version": "3.0.10",
      "resolved": "https://registry.npmjs.org/csstype/-/csstype-3.0.10.tgz",
      "integrity": "sha512-2u44ZG2OcNUO9HDp/Jl8C07x6pU/eTR3ncV91SiK3dhG9TWvRVsCoJw14Ckx5DgWkzGA3waZWO3d7pgqpUI/XA=="
    },
    "follow-redirects": {
      "version": "1.14.6",
      "resolved": "https://registry.npmjs.org/follow-redirects/-/follow-redirects-1.14.6.tgz",
      "integrity": "sha512-fhUl5EwSJbbl8AR+uYL2KQDxLkdSjZGR36xy46AO7cOMTrCMON6Sa28FmAnC2tRTDbd/Uuzz3aJBv7EBN7JH8A=="
    },
    "framesync": {
      "version": "5.3.0",
      "resolved": "https://registry.npmjs.org/framesync/-/framesync-5.3.0.tgz",
      "integrity": "sha512-oc5m68HDO/tuK2blj7ZcdEBRx3p1PjrgHazL8GYEpvULhrtGIFbQArN6cQS2QhW8mitffaB+VYzMjDqBxxQeoA==",
      "requires": {
        "tslib": "^2.1.0"
      }
    },
    "history": {
      "version": "5.1.0",
      "resolved": "https://registry.npmjs.org/history/-/history-5.1.0.tgz",
      "integrity": "sha512-zPuQgPacm2vH2xdORvGGz1wQMuHSIB56yNAy5FnLuwOwgSYyPKptJtcMm6Ev+hRGeS+GzhbmRacHzvlESbFwDg==",
      "requires": {
        "@babel/runtime": "^7.7.6"
      }
    },
    "lodash.mergewith": {
      "version": "4.6.2",
      "resolved": "https://registry.npmjs.org/lodash.mergewith/-/lodash.mergewith-4.6.2.tgz",
      "integrity": "sha512-GK3g5RPZWTRSeLSpgP8Xhra+pnjBC56q9FZYe1d5RN3TJ35dbkGy3YqBSMbyCrlbi+CM9Z3Jk5yTL7RCsqboyQ=="
    },
    "react-hook-form": {
      "version": "7.21.0",
      "resolved": "https://registry.npmjs.org/react-hook-form/-/react-hook-form-7.21.0.tgz",
      "integrity": "sha512-aekCf+dedYFIg+7nCK2acMvZ+s6Ohw2I7UNQ+zNIadBl1SoXow2Tl6c3F49xF8GFCdn5jeK43JHH26rmtdRyLQ=="
    },
    "react-icons": {
      "version": "4.3.1",
      "resolved": "https://registry.npmjs.org/react-icons/-/react-icons-4.3.1.tgz",
      "integrity": "sha512-cB10MXLTs3gVuXimblAdI71jrJx8njrJZmNMEMC+sQu5B/BIOmlsAjskdqpn81y8UBVEGuHODd7/ci5DvoSzTQ=="
    },
    "react-router": {
      "version": "6.0.2",
      "resolved": "https://registry.npmjs.org/react-router/-/react-router-6.0.2.tgz",
      "integrity": "sha512-8/Wm3Ed8t7TuedXjAvV39+c8j0vwrI5qVsYqjFr5WkJjsJpEvNSoLRUbtqSEYzqaTUj1IV+sbPJxvO+accvU0Q==",
      "requires": {
        "history": "^5.1.0"
      }
    },
    "react-router-dom": {
      "version": "6.0.2",
      "resolved": "https://registry.npmjs.org/react-router-dom/-/react-router-dom-6.0.2.tgz",
      "integrity": "sha512-cOpJ4B6raFutr0EG8O/M2fEoyQmwvZWomf1c6W2YXBZuFBx8oTk/zqjXghwScyhfrtnt0lANXV2182NQblRxFA==",
      "requires": {
        "history": "^5.1.0",
        "react-router": "6.0.2"
      }
    },
    "react-spring": {
      "version": "9.3.2",
      "resolved": "https://registry.npmjs.org/react-spring/-/react-spring-9.3.2.tgz",
      "integrity": "sha512-LMFgjvTJVg2ltthzgJcZ7siOdRig7L8wJZIHrc7p6ss4AaJ446xHzm9L2ZQha1ZC9QVY8/e6XfLhMTFAG6dtjw==",
      "requires": {
        "@react-spring/core": "~9.3.0",
        "@react-spring/konva": "~9.3.0",
        "@react-spring/native": "~9.3.0",
        "@react-spring/three": "~9.3.0",
        "@react-spring/web": "~9.3.0",
        "@react-spring/zdog": "~9.3.0"
      }
    },
    "regenerator-runtime": {
      "version": "0.13.9",
      "resolved": "https://registry.npmjs.org/regenerator-runtime/-/regenerator-runtime-0.13.9.tgz",
      "integrity": "sha512-p3VT+cOEgxFsRRA9X4lkI1E+k2/CtnKtU4gcxyaCUreilL/vqI6CdZ3wxVUx3UOUg+gnUOQQcRI7BmSI656MYA=="
    },
    "tiny-invariant": {
      "version": "1.2.0",
      "resolved": "https://registry.npmjs.org/tiny-invariant/-/tiny-invariant-1.2.0.tgz",
      "integrity": "sha512-1Uhn/aqw5C6RI4KejVeTg6mIS7IqxnLJ8Mv2tV5rTc0qWobay7pDUz6Wi392Cnc8ak1H0F2cjoRzb2/AW4+Fvg=="
    },
    "tslib": {
      "version": "2.3.1",
      "resolved": "https://registry.npmjs.org/tslib/-/tslib-2.3.1.tgz",
      "integrity": "sha512-77EbyPPpMz+FRFRuAFlWMtmgUWGe9UOG2Z25NqCwiIjRhOf5iKGuzSe5P2w1laq+FkRy4p+PCuVkJSGkzTEKVw=="
    }
  }
}
